
Microsoft Visual Studio Solution File, Format Version 12.00
# Visual Studio 14
VisualStudioVersion = 14.0.25420.1
MinimumVisualStudioVersion = 10.0.40219.1
Project("{FAE04EC0-301F-11D3-BF4B-00C04F79EFBC}") = "P3_Projekt_WPF", "P3_Projekt_WPF\P3_Projekt_WPF.csproj", "{E90A8D89-BDEB-4261-B2D3-C23A6D9C0568}"
EndProject
Project("{FAE04EC0-301F-11D3-BF4B-00C04F79EFBC}") = "P3-ProjektTests", "..\P3-Projekt\P3-ProjektTests\P3-ProjektTests.csproj", "{AFE66A4E-ED83-4127-9419-D1CF7A8F2EEF}"
EndProject
Global
	GlobalSection(SolutionConfigurationPlatforms) = preSolution
		Debug|Any CPU = Debug|Any CPU
		Release|Any CPU = Release|Any CPU
	EndGlobalSection
	GlobalSection(ProjectConfigurationPlatforms) = postSolution
		{E90A8D89-BDEB-4261-B2D3-C23A6D9C0568}.Debug|Any CPU.ActiveCfg = Debug|Any CPU
		{E90A8D89-BDEB-4261-B2D3-C23A6D9C0568}.Debug|Any CPU.Build.0 = Debug|Any CPU
		{E90A8D89-BDEB-4261-B2D3-C23A6D9C0568}.Release|Any CPU.ActiveCfg = Release|Any CPU
		{E90A8D89-BDEB-4261-B2D3-C23A6D9C0568}.Release|Any CPU.Build.0 = Release|Any CPU
		{AFE66A4E-ED83-4127-9419-D1CF7A8F2EEF}.Debug|Any CPU.ActiveCfg = Debug|Any CPU
		{AFE66A4E-ED83-4127-9419-D1CF7A8F2EEF}.Debug|Any CPU.Build.0 = Debug|Any CPU
		{AFE66A4E-ED83-4127-9419-D1CF7A8F2EEF}.Release|Any CPU.ActiveCfg = Release|Any CPU
		{AFE66A4E-ED83-4127-9419-D1CF7A8F2EEF}.Release|Any CPU.Build.0 = Release|Any CPU
	EndGlobalSection
	GlobalSection(SolutionProperties) = preSolution
		HideSolutionNode = FALSE
	EndGlobalSection
EndGlobal
